
Microsoft Visual Studio Solution File, Format Version 12.00
# Visual Studio 2012
Project("{FAE04EC0-301F-11D3-BF4B-00C04F79EFBC}") = "IdProvider", "IdProvider\IdProvider.csproj", "{FD26AF7F-665E-4D49-9851-757C46453D6A}"
EndProject
Project("{FAE04EC0-301F-11D3-BF4B-00C04F79EFBC}") = "ServiceProvider", "ServiceProvider\ServiceProvider.csproj", "{70CCBF5C-8899-4952-9AAF-5DAB8EC64F8E}"
EndProject
Project("{FAE04EC0-301F-11D3-BF4B-00C04F79EFBC}") = "SamlLibrary", "SamlLibrary\SamlLibrary.csproj", "{3EBE1BD8-5204-4354-8A7A-C64605ACA1BB}"
EndProject
Global
	GlobalSection(SolutionConfigurationPlatforms) = preSolution
		Debug|Any CPU = Debug|Any CPU
		Release|Any CPU = Release|Any CPU
	EndGlobalSection
	GlobalSection(ProjectConfigurationPlatforms) = postSolution
		{FD26AF7F-665E-4D49-9851-757C46453D6A}.Debug|Any CPU.ActiveCfg = Debug|Any CPU
		{FD26AF7F-665E-4D49-9851-757C46453D6A}.Debug|Any CPU.Build.0 = Debug|Any CPU
		{FD26AF7F-665E-4D49-9851-757C46453D6A}.Release|Any CPU.ActiveCfg = Release|Any CPU
		{FD26AF7F-665E-4D49-9851-757C46453D6A}.Release|Any CPU.Build.0 = Release|Any CPU
		{70CCBF5C-8899-4952-9AAF-5DAB8EC64F8E}.Debug|Any CPU.ActiveCfg = Debug|Any CPU
		{70CCBF5C-8899-4952-9AAF-5DAB8EC64F8E}.Debug|Any CPU.Build.0 = Debug|Any CPU
		{70CCBF5C-8899-4952-9AAF-5DAB8EC64F8E}.Release|Any CPU.ActiveCfg = Release|Any CPU
		{70CCBF5C-8899-4952-9AAF-5DAB8EC64F8E}.Release|Any CPU.Build.0 = Release|Any CPU
		{3EBE1BD8-5204-4354-8A7A-C64605ACA1BB}.Debug|Any CPU.ActiveCfg = Debug|Any CPU
		{3EBE1BD8-5204-4354-8A7A-C64605ACA1BB}.Debug|Any CPU.Build.0 = Debug|Any CPU
		{3EBE1BD8-5204-4354-8A7A-C64605ACA1BB}.Release|Any CPU.ActiveCfg = Release|Any CPU
		{3EBE1BD8-5204-4354-8A7A-C64605ACA1BB}.Release|Any CPU.Build.0 = Release|Any CPU
	EndGlobalSection
	GlobalSection(SolutionProperties) = preSolution
		HideSolutionNode = FALSE
	EndGlobalSection
EndGlobal
